# This file is automatically @generated by Poetry and should not be changed by hand.

[[package]]
name = "django"
version = "2.2.16"
description = "A high-level Python Web framework that encourages rapid development and clean, pragmatic design."
category = "main"
optional = false
python-versions = ">=3.5"
files = [
    {file = "Django-2.2.16-py3-none-any.whl", hash = "sha256:83ced795a0f239f41d8ecabf51cc5fad4b97462a6008dc12e5af3cb9288724ec"},
    {file = "Django-2.2.16.tar.gz", hash = "sha256:62cf45e5ee425c52e411c0742e641a6588b7e8af0d2c274a27940931b2786594"},
]

[package.dependencies]
pytz = "*"
sqlparse = ">=0.2.2"

[package.extras]
argon2 = ["argon2-cffi (>=16.1.0)"]
bcrypt = ["bcrypt"]

[[package]]
name = "pytz"
version = "2018.5"
description = "World timezone definitions, modern and historical"
category = "main"
optional = false
python-versions = "*"
files = [
    {file = "pytz-2018.5-py2.py3-none-any.whl", hash = "sha256:a061aa0a9e06881eb8b3b2b43f05b9439d6583c206d0a6c340ff72a7b6669053"},
    {file = "pytz-2018.5.tar.gz", hash = "sha256:ffb9ef1de172603304d9d2819af6f5ece76f2e85ec10692a524dd876e72bf277"},
]

[[package]]
name = "sqlparse"
version = "0.4.3"
description = "A non-validating SQL parser."
category = "main"
optional = false
python-versions = ">=3.5"
files = [
    {file = "sqlparse-0.4.3-py3-none-any.whl", hash = "sha256:0323c0ec29cd52bceabc1b4d9d579e311f3e4961b98d174201d5622a23b85e34"},
    {file = "sqlparse-0.4.3.tar.gz", hash = "sha256:69ca804846bb114d2ec380e4360a8a340db83f0ccf3afceeb1404df028f57268"},
]

[metadata]
lock-version = "2.0"
python-versions = "^3.10"
content-hash = "fccf9e127db6e21f57ad4a752363e409b138b5f7ce275b3c7c3a11f9a7d657bf"
